
Microsoft Visual Studio Solution File, Format Version 12.00
# Visual Studio Version 16
VisualStudioVersion = 16.0.29503.13
MinimumVisualStudioVersion = 10.0.40219.1
Project("{FAE04EC0-301F-11D3-BF4B-00C04F79EFBC}") = "NAVCalculatorAPI", "NAVCalculatorAPI\NAVCalculatorAPI.csproj", "{2DD6544F-B715-41B7-AE92-BAD501EB326B}"
EndProject
Project("{FAE04EC0-301F-11D3-BF4B-00C04F79EFBC}") = "NAVCalculatorAPI.Business", "NAVCalculatorAPI.Business\NAVCalculatorAPI.Business.csproj", "{5E6DDE9C-C594-4E8E-80E7-5CF7A7126284}"
EndProject
Project("{FAE04EC0-301F-11D3-BF4B-00C04F79EFBC}") = "NAVCalculatorAPI.Common", "NAVCalculatorAPI.Common\NAVCalculatorAPI.Common.csproj", "{3E0E0522-8C5E-45ED-B361-C6E9DF5E56F9}"
EndProject
Project("{FAE04EC0-301F-11D3-BF4B-00C04F79EFBC}") = "NAVCalculatorAPI.Contract", "NAVCalculatorAPI.Contract\NAVCalculatorAPI.Contract.csproj", "{DD24934B-E5FA-4BF2-85EB-4EEC6A2CC7F4}"
EndProject
Project("{FAE04EC0-301F-11D3-BF4B-00C04F79EFBC}") = "NAVCalculatorAPI.Repository", "NAVCalculatorAPI.Repository\NAVCalculatorAPI.Repository.csproj", "{9A5CE312-78CA-4193-A7B5-7AD2A4EE143A}"
EndProject
Global
	GlobalSection(SolutionConfigurationPlatforms) = preSolution
		Debug|Any CPU = Debug|Any CPU
		Release|Any CPU = Release|Any CPU
	EndGlobalSection
	GlobalSection(ProjectConfigurationPlatforms) = postSolution
		{2DD6544F-B715-41B7-AE92-BAD501EB326B}.Debug|Any CPU.ActiveCfg = Debug|Any CPU
		{2DD6544F-B715-41B7-AE92-BAD501EB326B}.Debug|Any CPU.Build.0 = Debug|Any CPU
		{2DD6544F-B715-41B7-AE92-BAD501EB326B}.Release|Any CPU.ActiveCfg = Release|Any CPU
		{2DD6544F-B715-41B7-AE92-BAD501EB326B}.Release|Any CPU.Build.0 = Release|Any CPU
		{5E6DDE9C-C594-4E8E-80E7-5CF7A7126284}.Debug|Any CPU.ActiveCfg = Debug|Any CPU
		{5E6DDE9C-C594-4E8E-80E7-5CF7A7126284}.Debug|Any CPU.Build.0 = Debug|Any CPU
		{5E6DDE9C-C594-4E8E-80E7-5CF7A7126284}.Release|Any CPU.ActiveCfg = Release|Any CPU
		{5E6DDE9C-C594-4E8E-80E7-5CF7A7126284}.Release|Any CPU.Build.0 = Release|Any CPU
		{3E0E0522-8C5E-45ED-B361-C6E9DF5E56F9}.Debug|Any CPU.ActiveCfg = Debug|Any CPU
		{3E0E0522-8C5E-45ED-B361-C6E9DF5E56F9}.Debug|Any CPU.Build.0 = Debug|Any CPU
		{3E0E0522-8C5E-45ED-B361-C6E9DF5E56F9}.Release|Any CPU.ActiveCfg = Release|Any CPU
		{3E0E0522-8C5E-45ED-B361-C6E9DF5E56F9}.Release|Any CPU.Build.0 = Release|Any CPU
		{DD24934B-E5FA-4BF2-85EB-4EEC6A2CC7F4}.Debug|Any CPU.ActiveCfg = Debug|Any CPU
		{DD24934B-E5FA-4BF2-85EB-4EEC6A2CC7F4}.Debug|Any CPU.Build.0 = Debug|Any CPU
		{DD24934B-E5FA-4BF2-85EB-4EEC6A2CC7F4}.Release|Any CPU.ActiveCfg = Release|Any CPU
		{DD24934B-E5FA-4BF2-85EB-4EEC6A2CC7F4}.Release|Any CPU.Build.0 = Release|Any CPU
		{9A5CE312-78CA-4193-A7B5-7AD2A4EE143A}.Debug|Any CPU.ActiveCfg = Debug|Any CPU
		{9A5CE312-78CA-4193-A7B5-7AD2A4EE143A}.Debug|Any CPU.Build.0 = Debug|Any CPU
		{9A5CE312-78CA-4193-A7B5-7AD2A4EE143A}.Release|Any CPU.ActiveCfg = Release|Any CPU
		{9A5CE312-78CA-4193-A7B5-7AD2A4EE143A}.Release|Any CPU.Build.0 = Release|Any CPU
	EndGlobalSection
	GlobalSection(SolutionProperties) = preSolution
		HideSolutionNode = FALSE
	EndGlobalSection
	GlobalSection(ExtensibilityGlobals) = postSolution
		SolutionGuid = {70D543D2-8132-41D3-8F1C-892FC39AD78F}
	EndGlobalSection
EndGlobal
